// !$*UTF8*$!
{
	archiveVersion = 1;
	classes = {
	};
	objectVersion = 46;
	objects = {

/* Begin PBXBuildFile section */
		2CD572111872707800B121B2 /* Foundation.framework in Frameworks */ = {isa = PBXBuildFile; fileRef = 2CD572101872707800B121B2 /* Foundation.framework */; };
		2CD572131872707800B121B2 /* CoreGraphics.framework in Frameworks */ = {isa = PBXBuildFile; fileRef = 2CD572121872707800B121B2 /* CoreGraphics.framework */; };
		2CD572151872707800B121B2 /* UIKit.framework in Frameworks */ = {isa = PBXBuildFile; fileRef = 2CD572141872707800B121B2 /* UIKit.framework */; };
		2CD5721B1872707800B121B2 /* InfoPlist.strings in Resources */ = {isa = PBXBuildFile; fileRef = 2CD572191872707800B121B2 /* InfoPlist.strings */; };
		2CD5721D1872707800B121B2 /* main.m in Sources */ = {isa = PBXBuildFile; fileRef = 2CD5721C1872707800B121B2 /* main.m */; };
		2CD572211872707800B121B2 /* AppDelegate.m in Sources */ = {isa = PBXBuildFile; fileRef = 2CD572201872707800B121B2 /* AppDelegate.m */; };
		2CD572241872707800B121B2 /* Main.storyboard in Resources */ = {isa = PBXBuildFile; fileRef = 2CD572221872707800B121B2 /* Main.storyboard */; };
		2CD572271872707800B121B2 /* ViewController.m in Sources */ = {isa = PBXBuildFile; fileRef = 2CD572261872707800B121B2 /* ViewController.m */; };
		2CD572291872707800B121B2 /* Images.xcassets in Resources */ = {isa = PBXBuildFile; fileRef = 2CD572281872707800B121B2 /* Images.xcassets */; };
		2CD572301872707800B121B2 /* XCTest.framework in Frameworks */ = {isa = PBXBuildFile; fileRef = 2CD5722F1872707800B121B2 /* XCTest.framework */; };
		2CD572311872707800B121B2 /* Foundation.framework in Frameworks */ = {isa = PBXBuildFile; fileRef = 2CD572101872707800B121B2 /* Foundation.framework */; };
		2CD572321872707800B121B2 /* UIKit.framework in Frameworks */ = {isa = PBXBuildFile; fileRef = 2CD572141872707800B121B2 /* UIKit.framework */; };
		2CD5723A1872707900B121B2 /* InfoPlist.strings in Resources */ = {isa = PBXBuildFile; fileRef = 2CD572381872707900B121B2 /* InfoPlist.strings */; };
		2CD5723C1872707900B121B2 /* SpheroSaysTests.m in Sources */ = {isa = PBXBuildFile; fileRef = 2CD5723B1872707900B121B2 /* SpheroSaysTests.m */; };
/* End PBXBuildFile section */

/* Begin PBXContainerItemProxy section */
		2CD572331872707900B121B2 /* PBXContainerItemProxy */ = {
			isa = PBXContainerItemProxy;
			containerPortal = 2CD572051872707800B121B2 /* Project object */;
			proxyType = 1;
			remoteGlobalIDString = 2CD5720C1872707800B121B2;
			remoteInfo = SpheroSays;
		};
/* End PBXContainerItemProxy section */

/* Begin PBXFileReference section */
		2CD5720D1872707800B121B2 /* SpheroSays.app */ = {isa = PBXFileReference; explicitFileType = wrapper.application; includeInIndex = 0; path = SpheroSays.app; sourceTree = BUILT_PRODUCTS_DIR; };
		2CD572101872707800B121B2 /* Foundation.framework */ = {isa = PBXFileReference; lastKnownFileType = wrapper.framework; name = Foundation.framework; path = System/Library/Frameworks/Foundation.framework; sourceTree = SDKROOT; };
		2CD572121872707800B121B2 /* CoreGraphics.framework */ = {isa = PBXFileReference; lastKnownFileType = wrapper.framework; name = CoreGraphics.framework; path = System/Library/Frameworks/CoreGraphics.framework; sourceTree = SDKROOT; };
		2CD572141872707800B121B2 /* UIKit.framework */ = {isa = PBXFileReference; lastKnownFileType = wrapper.framework; name = UIKit.framework; path = System/Library/Frameworks/UIKit.framework; sourceTree = SDKROOT; };
		2CD572181872707800B121B2 /* SpheroSays-Info.plist */ = {isa = PBXFileReference; lastKnownFileType = text.plist.xml; path = "SpheroSays-Info.plist"; sourceTree = "<group>"; };
		2CD5721A1872707800B121B2 /* en */ = {isa = PBXFileReference; lastKnownFileType = text.plist.strings; name = en; path = en.lproj/InfoPlist.strings; sourceTree = "<group>"; };
		2CD5721C1872707800B121B2 /* main.m */ = {isa = PBXFileReference; lastKnownFileType = sourcecode.c.objc; path = main.m; sourceTree = "<group>"; };
		2CD5721E1872707800B121B2 /* SpheroSays-Prefix.pch */ = {isa = PBXFileReference; lastKnownFileType = sourcecode.c.h; path = "SpheroSays-Prefix.pch"; sourceTree = "<group>"; };
		2CD5721F1872707800B121B2 /* AppDelegate.h */ = {isa = PBXFileReference; lastKnownFileType = sourcecode.c.h; path = AppDelegate.h; sourceTree = "<group>"; };
		2CD572201872707800B121B2 /* AppDelegate.m */ = {isa = PBXFileReference; lastKnownFileType = sourcecode.c.objc; path = AppDelegate.m; sourceTree = "<group>"; };
		2CD572231872707800B121B2 /* Base */ = {isa = PBXFileReference; lastKnownFileType = file.storyboard; name = Base; path = Base.lproj/Main.storyboard; sourceTree = "<group>"; };
		2CD572251872707800B121B2 /* ViewController.h */ = {isa = PBXFileReference; lastKnownFileType = sourcecode.c.h; path = ViewController.h; sourceTree = "<group>"; };
		2CD572261872707800B121B2 /* ViewController.m */ = {isa = PBXFileReference; lastKnownFileType = sourcecode.c.objc; path = ViewController.m; sourceTree = "<group>"; };
		2CD572281872707800B121B2 /* Images.xcassets */ = {isa = PBXFileReference; lastKnownFileType = folder.assetcatalog; path = Images.xcassets; sourceTree = "<group>"; };
		2CD5722E1872707800B121B2 /* SpheroSaysTests.xctest */ = {isa = PBXFileReference; explicitFileType = wrapper.cfbundle; includeInIndex = 0; path = SpheroSaysTests.xctest; sourceTree = BUILT_PRODUCTS_DIR; };
		2CD5722F1872707800B121B2 /* XCTest.framework */ = {isa = PBXFileReference; lastKnownFileType = wrapper.framework; name = XCTest.framework; path = Library/Frameworks/XCTest.framework; sourceTree = DEVELOPER_DIR; };
		2CD572371872707900B121B2 /* SpheroSaysTests-Info.plist */ = {isa = PBXFileReference; lastKnownFileType = text.plist.xml; path = "SpheroSaysTests-Info.plist"; sourceTree = "<group>"; };
		2CD572391872707900B121B2 /* en */ = {isa = PBXFileReference; lastKnownFileType = text.plist.strings; name = en; path = en.lproj/InfoPlist.strings; sourceTree = "<group>"; };
		2CD5723B1872707900B121B2 /* SpheroSaysTests.m */ = {isa = PBXFileReference; lastKnownFileType = sourcecode.c.objc; path = SpheroSaysTests.m; sourceTree = "<group>"; };
/* End PBXFileReference section */

/* Begin PBXFrameworksBuildPhase section */
		2CD5720A1872707800B121B2 /* Frameworks */ = {
			isa = PBXFrameworksBuildPhase;
			buildActionMask = 2147483647;
			files = (
				2CD572131872707800B121B2 /* CoreGraphics.framework in Frameworks */,
				2CD572151872707800B121B2 /* UIKit.framework in Frameworks */,
				2CD572111872707800B121B2 /* Foundation.framework in Frameworks */,
			);
			runOnlyForDeploymentPostprocessing = 0;
		};
		2CD5722B1872707800B121B2 /* Frameworks */ = {
			isa = PBXFrameworksBuildPhase;
			buildActionMask = 2147483647;
			files = (
				2CD572301872707800B121B2 /* XCTest.framework in Frameworks */,
				2CD572321872707800B121B2 /* UIKit.framework in Frameworks */,
				2CD572311872707800B121B2 /* Foundation.framework in Frameworks */,
			);
			runOnlyForDeploymentPostprocessing = 0;
		};
/* End PBXFrameworksBuildPhase section */

/* Begin PBXGroup section */
		2CD572041872707800B121B2 = {
			isa = PBXGroup;
			children = (
				2CD572161872707800B121B2 /* SpheroSays */,
				2CD572351872707900B121B2 /* SpheroSaysTests */,
				2CD5720F1872707800B121B2 /* Frameworks */,
				2CD5720E1872707800B121B2 /* Products */,
			);
			sourceTree = "<group>";
		};
		2CD5720E1872707800B121B2 /* Products */ = {
			isa = PBXGroup;
			children = (
				2CD5720D1872707800B121B2 /* SpheroSays.app */,
				2CD5722E1872707800B121B2 /* SpheroSaysTests.xctest */,
			);
			name = Products;
			sourceTree = "<group>";
		};
		2CD5720F1872707800B121B2 /* Frameworks */ = {
			isa = PBXGroup;
			children = (
				2CD572101872707800B121B2 /* Foundation.framework */,
				2CD572121872707800B121B2 /* CoreGraphics.framework */,
				2CD572141872707800B121B2 /* UIKit.framework */,
				2CD5722F1872707800B121B2 /* XCTest.framework */,
			);
			name = Frameworks;
			sourceTree = "<group>";
		};
		2CD572161872707800B121B2 /* SpheroSays */ = {
			isa = PBXGroup;
			children = (
				2CD5721F1872707800B121B2 /* AppDelegate.h */,
				2CD572201872707800B121B2 /* AppDelegate.m */,
				2CD572221872707800B121B2 /* Main.storyboard */,
				2CD572251872707800B121B2 /* ViewController.h */,
				2CD572261872707800B121B2 /* ViewController.m */,
				2CD572281872707800B121B2 /* Images.xcassets */,
				2CD572171872707800B121B2 /* Supporting Files */,
			);
			path = SpheroSays;
			sourceTree = "<group>";
		};
		2CD572171872707800B121B2 /* Supporting Files */ = {
			isa = PBXGroup;
			children = (
				2CD572181872707800B121B2 /* SpheroSays-Info.plist */,
				2CD572191872707800B121B2 /* InfoPlist.strings */,
				2CD5721C1872707800B121B2 /* main.m */,
				2CD5721E1872707800B121B2 /* SpheroSays-Prefix.pch */,
			);
			name = "Supporting Files";
			sourceTree = "<group>";
		};
		2CD572351872707900B121B2 /* SpheroSaysTests */ = {
			isa = PBXGroup;
			children = (
				2CD5723B1872707900B121B2 /* SpheroSaysTests.m */,
				2CD572361872707900B121B2 /* Supporting Files */,
			);
			path = SpheroSaysTests;
			sourceTree = "<group>";
		};
		2CD572361872707900B121B2 /* Supporting Files */ = {
			isa = PBXGroup;
			children = (
				2CD572371872707900B121B2 /* SpheroSaysTests-Info.plist */,
				2CD572381872707900B121B2 /* InfoPlist.strings */,
			);
			name = "Supporting Files";
			sourceTree = "<group>";
		};
/* End PBXGroup section */

/* Begin PBXNativeTarget section */
		2CD5720C1872707800B121B2 /* SpheroSays */ = {
			isa = PBXNativeTarget;
			buildConfigurationList = 2CD5723F1872707900B121B2 /* Build configuration list for PBXNativeTarget "SpheroSays" */;
			buildPhases = (
				2CD572091872707800B121B2 /* Sources */,
				2CD5720A1872707800B121B2 /* Frameworks */,
				2CD5720B1872707800B121B2 /* Resources */,
			);
			buildRules = (
			);
			dependencies = (
			);
			name = SpheroSays;
			productName = SpheroSays;
			productReference = 2CD5720D1872707800B121B2 /* SpheroSays.app */;
			productType = "com.apple.product-type.application";
		};
		2CD5722D1872707800B121B2 /* SpheroSaysTests */ = {
			isa = PBXNativeTarget;
			buildConfigurationList = 2CD572421872707900B121B2 /* Build configuration list for PBXNativeTarget "SpheroSaysTests" */;
			buildPhases = (
				2CD5722A1872707800B121B2 /* Sources */,
				2CD5722B1872707800B121B2 /* Frameworks */,
				2CD5722C1872707800B121B2 /* Resources */,
			);
			buildRules = (
			);
			dependencies = (
				2CD572341872707900B121B2 /* PBXTargetDependency */,
			);
			name = SpheroSaysTests;
			productName = SpheroSaysTests;
			productReference = 2CD5722E1872707800B121B2 /* SpheroSaysTests.xctest */;
			productType = "com.apple.product-type.bundle.unit-test";
		};
/* End PBXNativeTarget section */

/* Begin PBXProject section */
		2CD572051872707800B121B2 /* Project object */ = {
			isa = PBXProject;
			attributes = {
				LastUpgradeCheck = 0500;
				ORGANIZATIONNAME = "Eddie Roger";
				TargetAttributes = {
					2CD5722D1872707800B121B2 = {
						TestTargetID = 2CD5720C1872707800B121B2;
					};
				};
			};
			buildConfigurationList = 2CD572081872707800B121B2 /* Build configuration list for PBXProject "SpheroSays" */;
			compatibilityVersion = "Xcode 3.2";
			developmentRegion = English;
			hasScannedForEncodings = 0;
			knownRegions = (
				en,
				Base,
			);
			mainGroup = 2CD572041872707800B121B2;
			productRefGroup = 2CD5720E1872707800B121B2 /* Products */;
			projectDirPath = "";
			projectRoot = "";
			targets = (
				2CD5720C1872707800B121B2 /* SpheroSays */,
				2CD5722D1872707800B121B2 /* SpheroSaysTests */,
			);
		};
/* End PBXProject section */

/* Begin PBXResourcesBuildPhase section */
		2CD5720B1872707800B121B2 /* Resources */ = {
			isa = PBXResourcesBuildPhase;
			buildActionMask = 2147483647;
			files = (
				2CD572291872707800B121B2 /* Images.xcassets in Resources */,
				2CD5721B1872707800B121B2 /* InfoPlist.strings in Resources */,
				2CD572241872707800B121B2 /* Main.storyboard in Resources */,
			);
			runOnlyForDeploymentPostprocessing = 0;
		};
		2CD5722C1872707800B121B2 /* Resources */ = {
			isa = PBXResourcesBuildPhase;
			buildActionMask = 2147483647;
			files = (
				2CD5723A1872707900B121B2 /* InfoPlist.strings in Resources */,
			);
			runOnlyForDeploymentPostprocessing = 0;
		};
/* End PBXResourcesBuildPhase section */

/* Begin PBXSourcesBuildPhase section */
		2CD572091872707800B121B2 /* Sources */ = {
			isa = PBXSourcesBuildPhase;
			buildActionMask = 2147483647;
			files = (
				2CD572271872707800B121B2 /* ViewController.m in Sources */,
				2CD572211872707800B121B2 /* AppDelegate.m in Sources */,
				2CD5721D1872707800B121B2 /* main.m in Sources */,
			);
			runOnlyForDeploymentPostprocessing = 0;
		};
		2CD5722A1872707800B121B2 /* Sources */ = {
			isa = PBXSourcesBuildPhase;
			buildActionMask = 2147483647;
			files = (
				2CD5723C1872707900B121B2 /* SpheroSaysTests.m in Sources */,
			);
			runOnlyForDeploymentPostprocessing = 0;
		};
/* End PBXSourcesBuildPhase section */

/* Begin PBXTargetDependency section */
		2CD572341872707900B121B2 /* PBXTargetDependency */ = {
			isa = PBXTargetDependency;
			target = 2CD5720C1872707800B121B2 /* SpheroSays */;
			targetProxy = 2CD572331872707900B121B2 /* PBXContainerItemProxy */;
		};
/* End PBXTargetDependency section */

/* Begin PBXVariantGroup section */
		2CD572191872707800B121B2 /* InfoPlist.strings */ = {
			isa = PBXVariantGroup;
			children = (
				2CD5721A1872707800B121B2 /* en */,
			);
			name = InfoPlist.strings;
			sourceTree = "<group>";
		};
		2CD572221872707800B121B2 /* Main.storyboard */ = {
			isa = PBXVariantGroup;
			children = (
				2CD572231872707800B121B2 /* Base */,
			);
			name = Main.storyboard;
			sourceTree = "<group>";
		};
		2CD572381872707900B121B2 /* InfoPlist.strings */ = {
			isa = PBXVariantGroup;
			children = (
				2CD572391872707900B121B2 /* en */,
			);
			name = InfoPlist.strings;
			sourceTree = "<group>";
		};
/* End PBXVariantGroup section */

/* Begin XCBuildConfiguration section */
		2CD5723D1872707900B121B2 /* Debug */ = {
			isa = XCBuildConfiguration;
			buildSettings = {
				ALWAYS_SEARCH_USER_PATHS = NO;
				ARCHS = "$(ARCHS_STANDARD_INCLUDING_64_BIT)";
				CLANG_CXX_LANGUAGE_STANDARD = "gnu++0x";
				CLANG_CXX_LIBRARY = "libc++";
				CLANG_ENABLE_MODULES = YES;
				CLANG_ENABLE_OBJC_ARC = YES;
				CLANG_WARN_BOOL_CONVERSION = YES;
				CLANG_WARN_CONSTANT_CONVERSION = YES;
				CLANG_WARN_DIRECT_OBJC_ISA_USAGE = YES_ERROR;
				CLANG_WARN_EMPTY_BODY = YES;
				CLANG_WARN_ENUM_CONVERSION = YES;
				CLANG_WARN_INT_CONVERSION = YES;
				CLANG_WARN_OBJC_ROOT_CLASS = YES_ERROR;
				CLANG_WARN__DUPLICATE_METHOD_MATCH = YES;
				"CODE_SIGN_IDENTITY[sdk=iphoneos*]" = "iPhone Developer";
				COPY_PHASE_STRIP = NO;
				GCC_C_LANGUAGE_STANDARD = gnu99;
				GCC_DYNAMIC_NO_PIC = NO;
				GCC_OPTIMIZATION_LEVEL = 0;
				GCC_PREPROCESSOR_DEFINITIONS = (
					"DEBUG=1",
					"$(inherited)",
				);
				GCC_SYMBOLS_PRIVATE_EXTERN = NO;
				GCC_WARN_64_TO_32_BIT_CONVERSION = YES;
				GCC_WARN_ABOUT_RETURN_TYPE = YES_ERROR;
				GCC_WARN_UNDECLARED_SELECTOR = YES;
				GCC_WARN_UNINITIALIZED_AUTOS = YES;
				GCC_WARN_UNUSED_FUNCTION = YES;
				GCC_WARN_UNUSED_VARIABLE = YES;
				IPHONEOS_DEPLOYMENT_TARGET = 7.0;
				ONLY_ACTIVE_ARCH = YES;
				SDKROOT = iphoneos;
			};
			name = Debug;
		};
		2CD5723E1872707900B121B2 /* Release */ = {
			isa = XCBuildConfiguration;
			buildSettings = {
				ALWAYS_SEARCH_USER_PATHS = NO;
				ARCHS = "$(ARCHS_STANDARD_INCLUDING_64_BIT)";
				CLANG_CXX_LANGUAGE_STANDARD = "gnu++0x";
				CLANG_CXX_LIBRARY = "libc++";
				CLANG_ENABLE_MODULES = YES;
				CLANG_ENABLE_OBJC_ARC = YES;
				CLANG_WARN_BOOL_CONVERSION = YES;
				CLANG_WARN_CONSTANT_CONVERSION = YES;
				CLANG_WARN_DIRECT_OBJC_ISA_USAGE = YES_ERROR;
				CLANG_WARN_EMPTY_BODY = YES;
				CLANG_WARN_ENUM_CONVERSION = YES;
				CLANG_WARN_INT_CONVERSION = YES;
				CLANG_WARN_OBJC_ROOT_CLASS = YES_ERROR;
				CLANG_WARN__DUPLICATE_METHOD_MATCH = YES;
				"CODE_SIGN_IDENTITY[sdk=iphoneos*]" = "iPhone Developer";
				COPY_PHASE_STRIP = YES;
				ENABLE_NS_ASSERTIONS = NO;
				GCC_C_LANGUAGE_STANDARD = gnu99;
				GCC_WARN_64_TO_32_BIT_CONVERSION = YES;
				GCC_WARN_ABOUT_RETURN_TYPE = YES_ERROR;
				GCC_WARN_UNDECLARED_SELECTOR = YES;
				GCC_WARN_UNINITIALIZED_AUTOS = YES;
				GCC_WARN_UNUSED_FUNCTION = YES;
				GCC_WARN_UNUSED_VARIABLE = YES;
				IPHONEOS_DEPLOYMENT_TARGET = 7.0;
				SDKROOT = iphoneos;
				VALIDATE_PRODUCT = YES;
			};
			name = Release;
		};
		2CD572401872707900B121B2 /* Debug */ = {
			isa = XCBuildConfiguration;
			buildSettings = {
				ASSETCATALOG_COMPILER_APPICON_NAME = AppIcon;
				ASSETCATALOG_COMPILER_LAUNCHIMAGE_NAME = LaunchImage;
				GCC_PRECOMPILE_PREFIX_HEADER = YES;
				GCC_PREFIX_HEADER = "SpheroSays/SpheroSays-Prefix.pch";
				INFOPLIST_FILE = "SpheroSays/SpheroSays-Info.plist";
				PRODUCT_NAME = "$(TARGET_NAME)";
				WRAPPER_EXTENSION = app;
			};
			name = Debug;
		};
		2CD572411872707900B121B2 /* Release */ = {
			isa = XCBuildConfiguration;
			buildSettings = {
				ASSETCATALOG_COMPILER_APPICON_NAME = AppIcon;
				ASSETCATALOG_COMPILER_LAUNCHIMAGE_NAME = LaunchImage;
				GCC_PRECOMPILE_PREFIX_HEADER = YES;
				GCC_PREFIX_HEADER = "SpheroSays/SpheroSays-Prefix.pch";
				INFOPLIST_FILE = "SpheroSays/SpheroSays-Info.plist";
				PRODUCT_NAME = "$(TARGET_NAME)";
				WRAPPER_EXTENSION = app;
			};
			name = Release;
		};
		2CD572431872707900B121B2 /* Debug */ = {
			isa = XCBuildConfiguration;
			buildSettings = {
				ARCHS = "$(ARCHS_STANDARD_INCLUDING_64_BIT)";
				BUNDLE_LOADER = "$(BUILT_PRODUCTS_DIR)/SpheroSays.app/SpheroSays";
				FRAMEWORK_SEARCH_PATHS = (
					"$(SDKROOT)/Developer/Library/Frameworks",
					"$(inherited)",
					"$(DEVELOPER_FRAMEWORKS_DIR)",
				);
				GCC_PRECOMPILE_PREFIX_HEADER = YES;
				GCC_PREFIX_HEADER = "SpheroSays/SpheroSays-Prefix.pch";
				GCC_PREPROCESSOR_DEFINITIONS = (
					"DEBUG=1",
					"$(inherited)",
				);
				INFOPLIST_FILE = "SpheroSaysTests/SpheroSaysTests-Info.plist";
				PRODUCT_NAME = "$(TARGET_NAME)";
				TEST_HOST = "$(BUNDLE_LOADER)";
				WRAPPER_EXTENSION = xctest;
			};
			name = Debug;
		};
		2CD572441872707900B121B2 /* Release */ = {
			isa = XCBuildConfiguration;
			buildSettings = {
				ARCHS = "$(ARCHS_STANDARD_INCLUDING_64_BIT)";
				BUNDLE_LOADER = "$(BUILT_PRODUCTS_DIR)/SpheroSays.app/SpheroSays";
				FRAMEWORK_SEARCH_PATHS = (
					"$(SDKROOT)/Developer/Library/Frameworks",
					"$(inherited)",
					"$(DEVELOPER_FRAMEWORKS_DIR)",
				);
				GCC_PRECOMPILE_PREFIX_HEADER = YES;
				GCC_PREFIX_HEADER = "SpheroSays/SpheroSays-Prefix.pch";
				INFOPLIST_FILE = "SpheroSaysTests/SpheroSaysTests-Info.plist";
				PRODUCT_NAME = "$(TARGET_NAME)";
				TEST_HOST = "$(BUNDLE_LOADER)";
				WRAPPER_EXTENSION = xctest;
			};
			name = Release;
		};
/* End XCBuildConfiguration section */

/* Begin XCConfigurationList section */
		2CD572081872707800B121B2 /* Build configuration list for PBXProject "SpheroSays" */ = {
			isa = XCConfigurationList;
			buildConfigurations = (
				2CD5723D1872707900B121B2 /* Debug */,
				2CD5723E1872707900B121B2 /* Release */,
			);
			defaultConfigurationIsVisible = 0;
			defaultConfigurationName = Release;
		};
		2CD5723F1872707900B121B2 /* Build configuration list for PBXNativeTarget "SpheroSays" */ = {
			isa = XCConfigurationList;
			buildConfigurations = (
				2CD572401872707900B121B2 /* Debug */,
				2CD572411872707900B121B2 /* Release */,
			);
			defaultConfigurationIsVisible = 0;
		};
		2CD572421872707900B121B2 /* Build configuration list for PBXNativeTarget "SpheroSaysTests" */ = {
			isa = XCConfigurationList;
			buildConfigurations = (
				2CD572431872707900B121B2 /* Debug */,
				2CD572441872707900B121B2 /* Release */,
			);
			defaultConfigurationIsVisible = 0;
		};
/* End XCConfigurationList section */
	};
	rootObject = 2CD572051872707800B121B2 /* Project object */;
}
